
Microsoft Visual Studio Solution File, Format Version 10.00
# Visual Studio 2008
Project("{FAE04EC0-301F-11D3-BF4B-00C04F79EFBC}") = "DirectoyHistory", "DirectoyHistory\DirectoyHistory.csproj", "{8C1F68AF-ACB3-4C87-B6F7-AA7E29B82E64}"
EndProject
Project("{9344bdbb-3e7f-41fc-a0dd-8665d75ee146}") = "DirectoyHistoryTranslation", "DirectoyHistoryTranslation\DirectoyHistoryTranslation.mdproj", "{E7950842-EEB7-4D12-906D-87AF0A6C76D1}"
EndProject
Global
	GlobalSection(SolutionConfigurationPlatforms) = preSolution
		Debug|x86 = Debug|x86
		Release|x86 = Release|x86
	EndGlobalSection
	GlobalSection(ProjectConfigurationPlatforms) = postSolution
		{8C1F68AF-ACB3-4C87-B6F7-AA7E29B82E64}.Debug|x86.ActiveCfg = Debug|x86
		{8C1F68AF-ACB3-4C87-B6F7-AA7E29B82E64}.Debug|x86.Build.0 = Debug|x86
		{8C1F68AF-ACB3-4C87-B6F7-AA7E29B82E64}.Release|x86.ActiveCfg = Release|x86
		{8C1F68AF-ACB3-4C87-B6F7-AA7E29B82E64}.Release|x86.Build.0 = Release|x86
		{E7950842-EEB7-4D12-906D-87AF0A6C76D1}.Debug|x86.ActiveCfg = Debug|Any CPU
		{E7950842-EEB7-4D12-906D-87AF0A6C76D1}.Release|x86.ActiveCfg = Release|Any CPU
	EndGlobalSection
	GlobalSection(MonoDevelopProperties) = preSolution
		StartupItem = DirectoyHistory\DirectoyHistory.csproj
		Policies = $0
		$0.DotNetNamingPolicy = $1
		$1.DirectoryNamespaceAssociation = None
		$1.ResourceNamePolicy = FileFormatDefault
		$0.StandardHeader = $2
		$2.inheritsSet = GPLv3License
	EndGlobalSection
EndGlobal
